
Microsoft Visual Studio Solution File, Format Version 12.00
# Visual Studio 14
VisualStudioVersion = 14.0.23107.0
MinimumVisualStudioVersion = 10.0.40219.1
Project("{8BB2217D-0F2D-49D1-97BC-3654ED321F3B}") = "shout", "shout\shout.xproj", "{8FA82C69-03C8-4764-BA0C-C99B1CE325AD}"
EndProject
Global
	GlobalSection(SolutionConfigurationPlatforms) = preSolution
		Debug|Any CPU = Debug|Any CPU
		Release|Any CPU = Release|Any CPU
	EndGlobalSection
	GlobalSection(ProjectConfigurationPlatforms) = postSolution
		{8FA82C69-03C8-4764-BA0C-C99B1CE325AD}.Debug|Any CPU.ActiveCfg = Debug|Any CPU
		{8FA82C69-03C8-4764-BA0C-C99B1CE325AD}.Debug|Any CPU.Build.0 = Debug|Any CPU
		{8FA82C69-03C8-4764-BA0C-C99B1CE325AD}.Release|Any CPU.ActiveCfg = Release|Any CPU
		{8FA82C69-03C8-4764-BA0C-C99B1CE325AD}.Release|Any CPU.Build.0 = Release|Any CPU
	EndGlobalSection
	GlobalSection(SolutionProperties) = preSolution
		HideSolutionNode = FALSE
	EndGlobalSection
EndGlobal
